
Microsoft Visual Studio Solution File, Format Version 12.00
# Visual Studio Version 17
VisualStudioVersion = 17.9.34701.34
MinimumVisualStudioVersion = 10.0.40219.1
Project("{9A19103F-16F7-4668-BE54-9A1E7A4F7556}") = "OneTwoOne.App", "OneTwoOne.App\OneTwoOne.App.csproj", "{3502666E-A594-4A9C-B902-A91F220B9E4D}"
EndProject
Project("{9A19103F-16F7-4668-BE54-9A1E7A4F7556}") = "OneTwoOneDataAnnotation.App", "OneTwoOneDataAnnotation.App\OneTwoOneDataAnnotation.App.csproj", "{3682B838-DF41-4A74-937B-3B85D1613F8B}"
EndProject
Project("{9A19103F-16F7-4668-BE54-9A1E7A4F7556}") = "OneTwoOneDataAnnotationWithNoExtraColumn.App", "OneTwoOneDataAnnotationWithNoExtraColumn.App\OneTwoOneDataAnnotationWithNoExtraColumn.App.csproj", "{2B24DC95-2396-4250-88E3-426DB9806E16}"
EndProject
Project("{9A19103F-16F7-4668-BE54-9A1E7A4F7556}") = "OneTwoOneFluentApi.App", "OneTwoOneFluentApi.App\OneTwoOneFluentApi.App.csproj", "{05D191B4-1943-4B2F-B8B4-8E643F2A3FA0}"
EndProject
Project("{2150E333-8FDC-42A3-9474-1A3956D46DE8}") = "OneTwoOne", "OneTwoOne", "{4703CCBA-AFFF-44BE-9305-3F29A99D4049}"
EndProject
Project("{2150E333-8FDC-42A3-9474-1A3956D46DE8}") = "OneTwoMany", "OneTwoMany", "{7F19211B-E824-4A78-A2A0-0EAEB12E5560}"
EndProject
Project("{9A19103F-16F7-4668-BE54-9A1E7A4F7556}") = "OneTwoMany.App", "OneTwoMany.App\OneTwoMany.App.csproj", "{6E1FC8E1-3B70-4EED-A907-272D39FA778B}"
EndProject
Project("{9A19103F-16F7-4668-BE54-9A1E7A4F7556}") = "OneTwoManyDataAnnotation.App", "OneTwoManyDataAnnotation.App\OneTwoManyDataAnnotation.App.csproj", "{B8629866-87B4-4691-9F67-891D411A7136}"
EndProject
Project("{9A19103F-16F7-4668-BE54-9A1E7A4F7556}") = "OneTwoManyFluentApi.App", "OneTwoManyFluentApi.App\OneTwoManyFluentApi.App.csproj", "{31529ACC-92FA-47ED-8A56-6E4E08EC39BA}"
EndProject
Project("{2150E333-8FDC-42A3-9474-1A3956D46DE8}") = "ManyTwoMany", "ManyTwoMany", "{A3D3F1C2-4E05-41EB-81E7-3DF6A1F6C148}"
EndProject
Project("{FAE04EC0-301F-11D3-BF4B-00C04F79EFBC}") = "ManyTwoMany.App", "ManyTwoMany.App\ManyTwoMany.App.csproj", "{B2F815B7-28E4-46AC-B287-C717D5D365B7}"
EndProject
Project("{FAE04EC0-301F-11D3-BF4B-00C04F79EFBC}") = "ManyTwoManyDataAnnotation.App", "ManyTwoManyDataAnnotation.App\ManyTwoManyDataAnnotation.App.csproj", "{31278E19-D18A-48A6-8ACF-F74E2643B67A}"
EndProject
Project("{FAE04EC0-301F-11D3-BF4B-00C04F79EFBC}") = "ManyTwoManyDataAnnotationV2.App", "ManyTwoManyDataAnnotationV2.App\ManyTwoManyDataAnnotationV2.App.csproj", "{B2C73BEF-866E-4BBB-A127-860A5EE1B901}"
EndProject
Project("{2150E333-8FDC-42A3-9474-1A3956D46DE8}") = "Project", "Project", "{8F2BD616-F756-4047-A96A-DEE76EDD9014}"
EndProject
Project("{FAE04EC0-301F-11D3-BF4B-00C04F79EFBC}") = "EFApp", "EFApp\EFApp.csproj", "{982AF03D-FB6E-4783-BE65-C041DF7FEF74}"
EndProject
Project("{FAE04EC0-301F-11D3-BF4B-00C04F79EFBC}") = "EFAppLazyLoading", "EFAppLazyLoading\EFAppLazyLoading.csproj", "{ED26C719-2388-40B9-8322-DB11FA0CB7DC}"
EndProject
Global
	GlobalSection(SolutionConfigurationPlatforms) = preSolution
		Debug|Any CPU = Debug|Any CPU
		Release|Any CPU = Release|Any CPU
	EndGlobalSection
	GlobalSection(ProjectConfigurationPlatforms) = postSolution
		{3502666E-A594-4A9C-B902-A91F220B9E4D}.Debug|Any CPU.ActiveCfg = Debug|Any CPU
		{3502666E-A594-4A9C-B902-A91F220B9E4D}.Debug|Any CPU.Build.0 = Debug|Any CPU
		{3502666E-A594-4A9C-B902-A91F220B9E4D}.Release|Any CPU.ActiveCfg = Release|Any CPU
		{3502666E-A594-4A9C-B902-A91F220B9E4D}.Release|Any CPU.Build.0 = Release|Any CPU
		{3682B838-DF41-4A74-937B-3B85D1613F8B}.Debug|Any CPU.ActiveCfg = Debug|Any CPU
		{3682B838-DF41-4A74-937B-3B85D1613F8B}.Debug|Any CPU.Build.0 = Debug|Any CPU
		{3682B838-DF41-4A74-937B-3B85D1613F8B}.Release|Any CPU.ActiveCfg = Release|Any CPU
		{3682B838-DF41-4A74-937B-3B85D1613F8B}.Release|Any CPU.Build.0 = Release|Any CPU
		{2B24DC95-2396-4250-88E3-426DB9806E16}.Debug|Any CPU.ActiveCfg = Debug|Any CPU
		{2B24DC95-2396-4250-88E3-426DB9806E16}.Debug|Any CPU.Build.0 = Debug|Any CPU
		{2B24DC95-2396-4250-88E3-426DB9806E16}.Release|Any CPU.ActiveCfg = Release|Any CPU
		{2B24DC95-2396-4250-88E3-426DB9806E16}.Release|Any CPU.Build.0 = Release|Any CPU
		{05D191B4-1943-4B2F-B8B4-8E643F2A3FA0}.Debug|Any CPU.ActiveCfg = Debug|Any CPU
		{05D191B4-1943-4B2F-B8B4-8E643F2A3FA0}.Debug|Any CPU.Build.0 = Debug|Any CPU
		{05D191B4-1943-4B2F-B8B4-8E643F2A3FA0}.Release|Any CPU.ActiveCfg = Release|Any CPU
		{05D191B4-1943-4B2F-B8B4-8E643F2A3FA0}.Release|Any CPU.Build.0 = Release|Any CPU
		{6E1FC8E1-3B70-4EED-A907-272D39FA778B}.Debug|Any CPU.ActiveCfg = Debug|Any CPU
		{6E1FC8E1-3B70-4EED-A907-272D39FA778B}.Debug|Any CPU.Build.0 = Debug|Any CPU
		{6E1FC8E1-3B70-4EED-A907-272D39FA778B}.Release|Any CPU.ActiveCfg = Release|Any CPU
		{6E1FC8E1-3B70-4EED-A907-272D39FA778B}.Release|Any CPU.Build.0 = Release|Any CPU
		{B8629866-87B4-4691-9F67-891D411A7136}.Debug|Any CPU.ActiveCfg = Debug|Any CPU
		{B8629866-87B4-4691-9F67-891D411A7136}.Debug|Any CPU.Build.0 = Debug|Any CPU
		{B8629866-87B4-4691-9F67-891D411A7136}.Release|Any CPU.ActiveCfg = Release|Any CPU
		{B8629866-87B4-4691-9F67-891D411A7136}.Release|Any CPU.Build.0 = Release|Any CPU
		{31529ACC-92FA-47ED-8A56-6E4E08EC39BA}.Debug|Any CPU.ActiveCfg = Debug|Any CPU
		{31529ACC-92FA-47ED-8A56-6E4E08EC39BA}.Debug|Any CPU.Build.0 = Debug|Any CPU
		{31529ACC-92FA-47ED-8A56-6E4E08EC39BA}.Release|Any CPU.ActiveCfg = Release|Any CPU
		{31529ACC-92FA-47ED-8A56-6E4E08EC39BA}.Release|Any CPU.Build.0 = Release|Any CPU
		{B2F815B7-28E4-46AC-B287-C717D5D365B7}.Debug|Any CPU.ActiveCfg = Debug|Any CPU
		{B2F815B7-28E4-46AC-B287-C717D5D365B7}.Debug|Any CPU.Build.0 = Debug|Any CPU
		{B2F815B7-28E4-46AC-B287-C717D5D365B7}.Release|Any CPU.ActiveCfg = Release|Any CPU
		{B2F815B7-28E4-46AC-B287-C717D5D365B7}.Release|Any CPU.Build.0 = Release|Any CPU
		{31278E19-D18A-48A6-8ACF-F74E2643B67A}.Debug|Any CPU.ActiveCfg = Debug|Any CPU
		{31278E19-D18A-48A6-8ACF-F74E2643B67A}.Debug|Any CPU.Build.0 = Debug|Any CPU
		{31278E19-D18A-48A6-8ACF-F74E2643B67A}.Release|Any CPU.ActiveCfg = Release|Any CPU
		{31278E19-D18A-48A6-8ACF-F74E2643B67A}.Release|Any CPU.Build.0 = Release|Any CPU
		{B2C73BEF-866E-4BBB-A127-860A5EE1B901}.Debug|Any CPU.ActiveCfg = Debug|Any CPU
		{B2C73BEF-866E-4BBB-A127-860A5EE1B901}.Debug|Any CPU.Build.0 = Debug|Any CPU
		{B2C73BEF-866E-4BBB-A127-860A5EE1B901}.Release|Any CPU.ActiveCfg = Release|Any CPU
		{B2C73BEF-866E-4BBB-A127-860A5EE1B901}.Release|Any CPU.Build.0 = Release|Any CPU
		{982AF03D-FB6E-4783-BE65-C041DF7FEF74}.Debug|Any CPU.ActiveCfg = Debug|Any CPU
		{982AF03D-FB6E-4783-BE65-C041DF7FEF74}.Debug|Any CPU.Build.0 = Debug|Any CPU
		{982AF03D-FB6E-4783-BE65-C041DF7FEF74}.Release|Any CPU.ActiveCfg = Release|Any CPU
		{982AF03D-FB6E-4783-BE65-C041DF7FEF74}.Release|Any CPU.Build.0 = Release|Any CPU
		{ED26C719-2388-40B9-8322-DB11FA0CB7DC}.Debug|Any CPU.ActiveCfg = Debug|Any CPU
		{ED26C719-2388-40B9-8322-DB11FA0CB7DC}.Debug|Any CPU.Build.0 = Debug|Any CPU
		{ED26C719-2388-40B9-8322-DB11FA0CB7DC}.Release|Any CPU.ActiveCfg = Release|Any CPU
		{ED26C719-2388-40B9-8322-DB11FA0CB7DC}.Release|Any CPU.Build.0 = Release|Any CPU
	EndGlobalSection
	GlobalSection(SolutionProperties) = preSolution
		HideSolutionNode = FALSE
	EndGlobalSection
	GlobalSection(NestedProjects) = preSolution
		{3502666E-A594-4A9C-B902-A91F220B9E4D} = {4703CCBA-AFFF-44BE-9305-3F29A99D4049}
		{3682B838-DF41-4A74-937B-3B85D1613F8B} = {4703CCBA-AFFF-44BE-9305-3F29A99D4049}
		{2B24DC95-2396-4250-88E3-426DB9806E16} = {4703CCBA-AFFF-44BE-9305-3F29A99D4049}
		{05D191B4-1943-4B2F-B8B4-8E643F2A3FA0} = {4703CCBA-AFFF-44BE-9305-3F29A99D4049}
		{6E1FC8E1-3B70-4EED-A907-272D39FA778B} = {7F19211B-E824-4A78-A2A0-0EAEB12E5560}
		{B8629866-87B4-4691-9F67-891D411A7136} = {7F19211B-E824-4A78-A2A0-0EAEB12E5560}
		{31529ACC-92FA-47ED-8A56-6E4E08EC39BA} = {7F19211B-E824-4A78-A2A0-0EAEB12E5560}
		{B2F815B7-28E4-46AC-B287-C717D5D365B7} = {A3D3F1C2-4E05-41EB-81E7-3DF6A1F6C148}
		{31278E19-D18A-48A6-8ACF-F74E2643B67A} = {A3D3F1C2-4E05-41EB-81E7-3DF6A1F6C148}
		{B2C73BEF-866E-4BBB-A127-860A5EE1B901} = {A3D3F1C2-4E05-41EB-81E7-3DF6A1F6C148}
		{982AF03D-FB6E-4783-BE65-C041DF7FEF74} = {8F2BD616-F756-4047-A96A-DEE76EDD9014}
		{ED26C719-2388-40B9-8322-DB11FA0CB7DC} = {8F2BD616-F756-4047-A96A-DEE76EDD9014}
	EndGlobalSection
	GlobalSection(ExtensibilityGlobals) = postSolution
		SolutionGuid = {BD3BDB14-CB12-41F5-8B35-0F88BF6EBABF}
	EndGlobalSection
EndGlobal
